// !$*UTF8*$!
{
	archiveVersion = 1;
	classes = {
	};
	objectVersion = 46;
	objects = {

/* Begin PBXBuildFile section */
		518F50A11D5C4C1D00BFD0B1 /* main.m in Sources */ = {isa = PBXBuildFile; fileRef = 518F50A01D5C4C1D00BFD0B1 /* main.m */; };
		518F50A41D5C4C1D00BFD0B1 /* AppDelegate.m in Sources */ = {isa = PBXBuildFile; fileRef = 518F50A31D5C4C1D00BFD0B1 /* AppDelegate.m */; };
		518F50A71D5C4C1D00BFD0B1 /* ViewController.m in Sources */ = {isa = PBXBuildFile; fileRef = 518F50A61D5C4C1D00BFD0B1 /* ViewController.m */; };
		518F50AA1D5C4C1D00BFD0B1 /* Main.storyboard in Resources */ = {isa = PBXBuildFile; fileRef = 518F50A81D5C4C1D00BFD0B1 /* Main.storyboard */; };
		518F50AC1D5C4C1D00BFD0B1 /* Assets.xcassets in Resources */ = {isa = PBXBuildFile; fileRef = 518F50AB1D5C4C1D00BFD0B1 /* Assets.xcassets */; };
		518F50AF1D5C4C1D00BFD0B1 /* LaunchScreen.storyboard in Resources */ = {isa = PBXBuildFile; fileRef = 518F50AD1D5C4C1D00BFD0B1 /* LaunchScreen.storyboard */; };
/* End PBXBuildFile section */

/* Begin PBXFileReference section */
		518F509C1D5C4C1D00BFD0B1 /* EEIOKitListenerSample.app */ = {isa = PBXFileReference; explicitFileType = wrapper.application; includeInIndex = 0; path = EEIOKitListenerSample.app; sourceTree = BUILT_PRODUCTS_DIR; };
		518F50A01D5C4C1D00BFD0B1 /* main.m */ = {isa = PBXFileReference; lastKnownFileType = sourcecode.c.objc; path = main.m; sourceTree = "<group>"; };
		518F50A21D5C4C1D00BFD0B1 /* AppDelegate.h */ = {isa = PBXFileReference; lastKnownFileType = sourcecode.c.h; path = AppDelegate.h; sourceTree = "<group>"; };
		518F50A31D5C4C1D00BFD0B1 /* AppDelegate.m */ = {isa = PBXFileReference; lastKnownFileType = sourcecode.c.objc; path = AppDelegate.m; sourceTree = "<group>"; };
		518F50A51D5C4C1D00BFD0B1 /* ViewController.h */ = {isa = PBXFileReference; lastKnownFileType = sourcecode.c.h; path = ViewController.h; sourceTree = "<group>"; };
		518F50A61D5C4C1D00BFD0B1 /* ViewController.m */ = {isa = PBXFileReference; lastKnownFileType = sourcecode.c.objc; path = ViewController.m; sourceTree = "<group>"; };
		518F50A91D5C4C1D00BFD0B1 /* Base */ = {isa = PBXFileReference; lastKnownFileType = file.storyboard; name = Base; path = Base.lproj/Main.storyboard; sourceTree = "<group>"; };
		518F50AB1D5C4C1D00BFD0B1 /* Assets.xcassets */ = {isa = PBXFileReference; lastKnownFileType = folder.assetcatalog; path = Assets.xcassets; sourceTree = "<group>"; };
		518F50AE1D5C4C1D00BFD0B1 /* Base */ = {isa = PBXFileReference; lastKnownFileType = file.storyboard; name = Base; path = Base.lproj/LaunchScreen.storyboard; sourceTree = "<group>"; };
		518F50B01D5C4C1D00BFD0B1 /* Info.plist */ = {isa = PBXFileReference; lastKnownFileType = text.plist.xml; path = Info.plist; sourceTree = "<group>"; };
/* End PBXFileReference section */

/* Begin PBXFrameworksBuildPhase section */
		518F50991D5C4C1D00BFD0B1 /* Frameworks */ = {
			isa = PBXFrameworksBuildPhase;
			buildActionMask = 2147483647;
			files = (
			);
			runOnlyForDeploymentPostprocessing = 0;
		};
/* End PBXFrameworksBuildPhase section */

/* Begin PBXGroup section */
		518F50931D5C4C1D00BFD0B1 = {
			isa = PBXGroup;
			children = (
				518F509E1D5C4C1D00BFD0B1 /* EEIOKitListenerSample */,
				518F509D1D5C4C1D00BFD0B1 /* Products */,
			);
			sourceTree = "<group>";
		};
		518F509D1D5C4C1D00BFD0B1 /* Products */ = {
			isa = PBXGroup;
			children = (
				518F509C1D5C4C1D00BFD0B1 /* EEIOKitListenerSample.app */,
			);
			name = Products;
			sourceTree = "<group>";
		};
		518F509E1D5C4C1D00BFD0B1 /* EEIOKitListenerSample */ = {
			isa = PBXGroup;
			children = (
				518F50A21D5C4C1D00BFD0B1 /* AppDelegate.h */,
				518F50A31D5C4C1D00BFD0B1 /* AppDelegate.m */,
				518F50A51D5C4C1D00BFD0B1 /* ViewController.h */,
				518F50A61D5C4C1D00BFD0B1 /* ViewController.m */,
				518F50A81D5C4C1D00BFD0B1 /* Main.storyboard */,
				518F50AB1D5C4C1D00BFD0B1 /* Assets.xcassets */,
				518F50AD1D5C4C1D00BFD0B1 /* LaunchScreen.storyboard */,
				518F50B01D5C4C1D00BFD0B1 /* Info.plist */,
				518F509F1D5C4C1D00BFD0B1 /* Supporting Files */,
			);
			path = EEIOKitListenerSample;
			sourceTree = "<group>";
		};
		518F509F1D5C4C1D00BFD0B1 /* Supporting Files */ = {
			isa = PBXGroup;
			children = (
				518F50A01D5C4C1D00BFD0B1 /* main.m */,
			);
			name = "Supporting Files";
			sourceTree = "<group>";
		};
/* End PBXGroup section */

/* Begin PBXNativeTarget section */
		518F509B1D5C4C1D00BFD0B1 /* EEIOKitListenerSample */ = {
			isa = PBXNativeTarget;
			buildConfigurationList = 518F50B31D5C4C1D00BFD0B1 /* Build configuration list for PBXNativeTarget "EEIOKitListenerSample" */;
			buildPhases = (
				518F50981D5C4C1D00BFD0B1 /* Sources */,
				518F50991D5C4C1D00BFD0B1 /* Frameworks */,
				518F509A1D5C4C1D00BFD0B1 /* Resources */,
			);
			buildRules = (
			);
			dependencies = (
			);
			name = EEIOKitListenerSample;
			productName = EEIOKitListenerSample;
			productReference = 518F509C1D5C4C1D00BFD0B1 /* EEIOKitListenerSample.app */;
			productType = "com.apple.product-type.application";
		};
/* End PBXNativeTarget section */

/* Begin PBXProject section */
		518F50941D5C4C1D00BFD0B1 /* Project object */ = {
			isa = PBXProject;
			attributes = {
				LastUpgradeCheck = 0730;
				ORGANIZATIONNAME = "Eldad Eilam";
				TargetAttributes = {
					518F509B1D5C4C1D00BFD0B1 = {
						CreatedOnToolsVersion = 7.3;
					};
				};
			};
			buildConfigurationList = 518F50971D5C4C1D00BFD0B1 /* Build configuration list for PBXProject "EEIOKitListenerSample" */;
			compatibilityVersion = "Xcode 3.2";
			developmentRegion = English;
			hasScannedForEncodings = 0;
			knownRegions = (
				en,
				Base,
			);
			mainGroup = 518F50931D5C4C1D00BFD0B1;
			productRefGroup = 518F509D1D5C4C1D00BFD0B1 /* Products */;
			projectDirPath = "";
			projectRoot = "";
			targets = (
				518F509B1D5C4C1D00BFD0B1 /* EEIOKitListenerSample */,
			);
		};
/* End PBXProject section */

/* Begin PBXResourcesBuildPhase section */
		518F509A1D5C4C1D00BFD0B1 /* Resources */ = {
			isa = PBXResourcesBuildPhase;
			buildActionMask = 2147483647;
			files = (
				518F50AF1D5C4C1D00BFD0B1 /* LaunchScreen.storyboard in Resources */,
				518F50AC1D5C4C1D00BFD0B1 /* Assets.xcassets in Resources */,
				518F50AA1D5C4C1D00BFD0B1 /* Main.storyboard in Resources */,
			);
			runOnlyForDeploymentPostprocessing = 0;
		};
/* End PBXResourcesBuildPhase section */

/* Begin PBXSourcesBuildPhase section */
		518F50981D5C4C1D00BFD0B1 /* Sources */ = {
			isa = PBXSourcesBuildPhase;
			buildActionMask = 2147483647;
			files = (
				518F50A71D5C4C1D00BFD0B1 /* ViewController.m in Sources */,
				518F50A41D5C4C1D00BFD0B1 /* AppDelegate.m in Sources */,
				518F50A11D5C4C1D00BFD0B1 /* main.m in Sources */,
			);
			runOnlyForDeploymentPostprocessing = 0;
		};
/* End PBXSourcesBuildPhase section */

/* Begin PBXVariantGroup section */
		518F50A81D5C4C1D00BFD0B1 /* Main.storyboard */ = {
			isa = PBXVariantGroup;
			children = (
				518F50A91D5C4C1D00BFD0B1 /* Base */,
			);
			name = Main.storyboard;
			sourceTree = "<group>";
		};
		518F50AD1D5C4C1D00BFD0B1 /* LaunchScreen.storyboard */ = {
			isa = PBXVariantGroup;
			children = (
				518F50AE1D5C4C1D00BFD0B1 /* Base */,
			);
			name = LaunchScreen.storyboard;
			sourceTree = "<group>";
		};
/* End PBXVariantGroup section */

/* Begin XCBuildConfiguration section */
		518F50B11D5C4C1D00BFD0B1 /* Debug */ = {
			isa = XCBuildConfiguration;
			buildSettings = {
				ALWAYS_SEARCH_USER_PATHS = NO;
				CLANG_ANALYZER_NONNULL = YES;
				CLANG_CXX_LANGUAGE_STANDARD = "gnu++0x";
				CLANG_CXX_LIBRARY = "libc++";
				CLANG_ENABLE_MODULES = YES;
				CLANG_ENABLE_OBJC_ARC = YES;
				CLANG_WARN_BOOL_CONVERSION = YES;
				CLANG_WARN_CONSTANT_CONVERSION = YES;
				CLANG_WARN_DIRECT_OBJC_ISA_USAGE = YES_ERROR;
				CLANG_WARN_EMPTY_BODY = YES;
				CLANG_WARN_ENUM_CONVERSION = YES;
				CLANG_WARN_INT_CONVERSION = YES;
				CLANG_WARN_OBJC_ROOT_CLASS = YES_ERROR;
				CLANG_WARN_UNREACHABLE_CODE = YES;
				CLANG_WARN__DUPLICATE_METHOD_MATCH = YES;
				"CODE_SIGN_IDENTITY[sdk=iphoneos*]" = "iPhone Developer";
				COPY_PHASE_STRIP = NO;
				DEBUG_INFORMATION_FORMAT = dwarf;
				ENABLE_STRICT_OBJC_MSGSEND = YES;
				ENABLE_TESTABILITY = YES;
				GCC_C_LANGUAGE_STANDARD = gnu99;
				GCC_DYNAMIC_NO_PIC = NO;
				GCC_NO_COMMON_BLOCKS = YES;
				GCC_OPTIMIZATION_LEVEL = 0;
				GCC_PREPROCESSOR_DEFINITIONS = (
					"DEBUG=1",
					"$(inherited)",
				);
				GCC_WARN_64_TO_32_BIT_CONVERSION = YES;
				GCC_WARN_ABOUT_RETURN_TYPE = YES_ERROR;
				GCC_WARN_UNDECLARED_SELECTOR = YES;
				GCC_WARN_UNINITIALIZED_AUTOS = YES_AGGRESSIVE;
				GCC_WARN_UNUSED_FUNCTION = YES;
				GCC_WARN_UNUSED_VARIABLE = YES;
				IPHONEOS_DEPLOYMENT_TARGET = 9.3;
				MTL_ENABLE_DEBUG_INFO = YES;
				ONLY_ACTIVE_ARCH = YES;
				SDKROOT = iphoneos;
				TARGETED_DEVICE_FAMILY = "1,2";
			};
			name = Debug;
		};
		518F50B21D5C4C1D00BFD0B1 /* Release */ = {
			isa = XCBuildConfiguration;
			buildSettings = {
				ALWAYS_SEARCH_USER_PATHS = NO;
				CLANG_ANALYZER_NONNULL = YES;
				CLANG_CXX_LANGUAGE_STANDARD = "gnu++0x";
				CLANG_CXX_LIBRARY = "libc++";
				CLANG_ENABLE_MODULES = YES;
				CLANG_ENABLE_OBJC_ARC = YES;
				CLANG_WARN_BOOL_CONVERSION = YES;
				CLANG_WARN_CONSTANT_CONVERSION = YES;
				CLANG_WARN_DIRECT_OBJC_ISA_USAGE = YES_ERROR;
				CLANG_WARN_EMPTY_BODY = YES;
				CLANG_WARN_ENUM_CONVERSION = YES;
				CLANG_WARN_INT_CONVERSION = YES;
				CLANG_WARN_OBJC_ROOT_CLASS = YES_ERROR;
				CLANG_WARN_UNREACHABLE_CODE = YES;
				CLANG_WARN__DUPLICATE_METHOD_MATCH = YES;
				"CODE_SIGN_IDENTITY[sdk=iphoneos*]" = "iPhone Developer";
				COPY_PHASE_STRIP = NO;
				DEBUG_INFORMATION_FORMAT = "dwarf-with-dsym";
				ENABLE_NS_ASSERTIONS = NO;
				ENABLE_STRICT_OBJC_MSGSEND = YES;
				GCC_C_LANGUAGE_STANDARD = gnu99;
				GCC_NO_COMMON_BLOCKS = YES;
				GCC_WARN_64_TO_32_BIT_CONVERSION = YES;
				GCC_WARN_ABOUT_RETURN_TYPE = YES_ERROR;
				GCC_WARN_UNDECLARED_SELECTOR = YES;
				GCC_WARN_UNINITIALIZED_AUTOS = YES_AGGRESSIVE;
				GCC_WARN_UNUSED_FUNCTION = YES;
				GCC_WARN_UNUSED_VARIABLE = YES;
				IPHONEOS_DEPLOYMENT_TARGET = 9.3;
				MTL_ENABLE_DEBUG_INFO = NO;
				SDKROOT = iphoneos;
				TARGETED_DEVICE_FAMILY = "1,2";
				VALIDATE_PRODUCT = YES;
			};
			name = Release;
		};
		518F50B41D5C4C1D00BFD0B1 /* Debug */ = {
			isa = XCBuildConfiguration;
			buildSettings = {
				ASSETCATALOG_COMPILER_APPICON_NAME = AppIcon;
				INFOPLIST_FILE = EEIOKitListenerSample/Info.plist;
				LD_RUNPATH_SEARCH_PATHS = "$(inherited) @executable_path/Frameworks";
				PRODUCT_BUNDLE_IDENTIFIER = com.eldade.EEIOKitListenerSample;
				PRODUCT_NAME = "$(TARGET_NAME)";
			};
			name = Debug;
		};
		518F50B51D5C4C1D00BFD0B1 /* Release */ = {
			isa = XCBuildConfiguration;
			buildSettings = {
				ASSETCATALOG_COMPILER_APPICON_NAME = AppIcon;
				INFOPLIST_FILE = EEIOKitListenerSample/Info.plist;
				LD_RUNPATH_SEARCH_PATHS = "$(inherited) @executable_path/Frameworks";
				PRODUCT_BUNDLE_IDENTIFIER = com.eldade.EEIOKitListenerSample;
				PRODUCT_NAME = "$(TARGET_NAME)";
			};
			name = Release;
		};
/* End XCBuildConfiguration section */

/* Begin XCConfigurationList section */
		518F50971D5C4C1D00BFD0B1 /* Build configuration list for PBXProject "EEIOKitListenerSample" */ = {
			isa = XCConfigurationList;
			buildConfigurations = (
				518F50B11D5C4C1D00BFD0B1 /* Debug */,
				518F50B21D5C4C1D00BFD0B1 /* Release */,
			);
			defaultConfigurationIsVisible = 0;
			defaultConfigurationName = Release;
		};
		518F50B31D5C4C1D00BFD0B1 /* Build configuration list for PBXNativeTarget "EEIOKitListenerSample" */ = {
			isa = XCConfigurationList;
			buildConfigurations = (
				518F50B41D5C4C1D00BFD0B1 /* Debug */,
				518F50B51D5C4C1D00BFD0B1 /* Release */,
			);
			defaultConfigurationIsVisible = 0;
		};
/* End XCConfigurationList section */
	};
	rootObject = 518F50941D5C4C1D00BFD0B1 /* Project object */;
}
